// !$*UTF8*$!
{
	archiveVersion = 1;
	classes = {
	};
	objectVersion = 46;
	objects = {

/* Begin PBXBuildFile section */
		9DBAE8F31DC2EC19001A966D /* main.m in Sources */ = {isa = PBXBuildFile; fileRef = 9DBAE8F21DC2EC19001A966D /* main.m */; };
		9DBAE8F61DC2EC19001A966D /* AppDelegate.m in Sources */ = {isa = PBXBuildFile; fileRef = 9DBAE8F51DC2EC19001A966D /* AppDelegate.m */; };
		9DBAE8F91DC2EC19001A966D /* ViewController.m in Sources */ = {isa = PBXBuildFile; fileRef = 9DBAE8F81DC2EC19001A966D /* ViewController.m */; };
		9DBAE8FC1DC2EC19001A966D /* Main.storyboard in Resources */ = {isa = PBXBuildFile; fileRef = 9DBAE8FA1DC2EC19001A966D /* Main.storyboard */; };
		9DBAE8FE1DC2EC19001A966D /* Assets.xcassets in Resources */ = {isa = PBXBuildFile; fileRef = 9DBAE8FD1DC2EC19001A966D /* Assets.xcassets */; };
		9DBAE9011DC2EC19001A966D /* LaunchScreen.storyboard in Resources */ = {isa = PBXBuildFile; fileRef = 9DBAE8FF1DC2EC19001A966D /* LaunchScreen.storyboard */; };
/* End PBXBuildFile section */

/* Begin PBXFileReference section */
		9DBAE8EE1DC2EC19001A966D /* PickerImages.app */ = {isa = PBXFileReference; explicitFileType = wrapper.application; includeInIndex = 0; path = PickerImages.app; sourceTree = BUILT_PRODUCTS_DIR; };
		9DBAE8F21DC2EC19001A966D /* main.m */ = {isa = PBXFileReference; lastKnownFileType = sourcecode.c.objc; path = main.m; sourceTree = "<group>"; };
		9DBAE8F41DC2EC19001A966D /* AppDelegate.h */ = {isa = PBXFileReference; lastKnownFileType = sourcecode.c.h; path = AppDelegate.h; sourceTree = "<group>"; };
		9DBAE8F51DC2EC19001A966D /* AppDelegate.m */ = {isa = PBXFileReference; lastKnownFileType = sourcecode.c.objc; path = AppDelegate.m; sourceTree = "<group>"; };
		9DBAE8F71DC2EC19001A966D /* ViewController.h */ = {isa = PBXFileReference; lastKnownFileType = sourcecode.c.h; path = ViewController.h; sourceTree = "<group>"; };
		9DBAE8F81DC2EC19001A966D /* ViewController.m */ = {isa = PBXFileReference; lastKnownFileType = sourcecode.c.objc; path = ViewController.m; sourceTree = "<group>"; };
		9DBAE8FB1DC2EC19001A966D /* Base */ = {isa = PBXFileReference; lastKnownFileType = file.storyboard; name = Base; path = Base.lproj/Main.storyboard; sourceTree = "<group>"; };
		9DBAE8FD1DC2EC19001A966D /* Assets.xcassets */ = {isa = PBXFileReference; lastKnownFileType = folder.assetcatalog; path = Assets.xcassets; sourceTree = "<group>"; };
		9DBAE9001DC2EC19001A966D /* Base */ = {isa = PBXFileReference; lastKnownFileType = file.storyboard; name = Base; path = Base.lproj/LaunchScreen.storyboard; sourceTree = "<group>"; };
		9DBAE9021DC2EC19001A966D /* Info.plist */ = {isa = PBXFileReference; lastKnownFileType = text.plist.xml; path = Info.plist; sourceTree = "<group>"; };
/* End PBXFileReference section */

/* Begin PBXFrameworksBuildPhase section */
		9DBAE8EB1DC2EC19001A966D /* Frameworks */ = {
			isa = PBXFrameworksBuildPhase;
			buildActionMask = 2147483647;
			files = (
			);
			runOnlyForDeploymentPostprocessing = 0;
		};
/* End PBXFrameworksBuildPhase section */

/* Begin PBXGroup section */
		9DBAE8E51DC2EC19001A966D = {
			isa = PBXGroup;
			children = (
				9DBAE8F01DC2EC19001A966D /* PickerImages */,
				9DBAE8EF1DC2EC19001A966D /* Products */,
			);
			sourceTree = "<group>";
		};
		9DBAE8EF1DC2EC19001A966D /* Products */ = {
			isa = PBXGroup;
			children = (
				9DBAE8EE1DC2EC19001A966D /* PickerImages.app */,
			);
			name = Products;
			sourceTree = "<group>";
		};
		9DBAE8F01DC2EC19001A966D /* PickerImages */ = {
			isa = PBXGroup;
			children = (
				9DBAE8F41DC2EC19001A966D /* AppDelegate.h */,
				9DBAE8F51DC2EC19001A966D /* AppDelegate.m */,
				9DBAE8F71DC2EC19001A966D /* ViewController.h */,
				9DBAE8F81DC2EC19001A966D /* ViewController.m */,
				9DBAE8FA1DC2EC19001A966D /* Main.storyboard */,
				9DBAE8FD1DC2EC19001A966D /* Assets.xcassets */,
				9DBAE8FF1DC2EC19001A966D /* LaunchScreen.storyboard */,
				9DBAE9021DC2EC19001A966D /* Info.plist */,
				9DBAE8F11DC2EC19001A966D /* Supporting Files */,
			);
			path = PickerImages;
			sourceTree = "<group>";
		};
		9DBAE8F11DC2EC19001A966D /* Supporting Files */ = {
			isa = PBXGroup;
			children = (
				9DBAE8F21DC2EC19001A966D /* main.m */,
			);
			name = "Supporting Files";
			sourceTree = "<group>";
		};
/* End PBXGroup section */

/* Begin PBXNativeTarget section */
		9DBAE8ED1DC2EC19001A966D /* PickerImages */ = {
			isa = PBXNativeTarget;
			buildConfigurationList = 9DBAE9051DC2EC19001A966D /* Build configuration list for PBXNativeTarget "PickerImages" */;
			buildPhases = (
				9DBAE8EA1DC2EC19001A966D /* Sources */,
				9DBAE8EB1DC2EC19001A966D /* Frameworks */,
				9DBAE8EC1DC2EC19001A966D /* Resources */,
			);
			buildRules = (
			);
			dependencies = (
			);
			name = PickerImages;
			productName = PickerImages;
			productReference = 9DBAE8EE1DC2EC19001A966D /* PickerImages.app */;
			productType = "com.apple.product-type.application";
		};
/* End PBXNativeTarget section */

/* Begin PBXProject section */
		9DBAE8E61DC2EC19001A966D /* Project object */ = {
			isa = PBXProject;
			attributes = {
				LastUpgradeCheck = 0800;
				ORGANIZATIONNAME = zhz;
				TargetAttributes = {
					9DBAE8ED1DC2EC19001A966D = {
						CreatedOnToolsVersion = 8.0;
						DevelopmentTeam = A3D99DT85D;
						ProvisioningStyle = Automatic;
					};
				};
			};
			buildConfigurationList = 9DBAE8E91DC2EC19001A966D /* Build configuration list for PBXProject "PickerImages" */;
			compatibilityVersion = "Xcode 3.2";
			developmentRegion = English;
			hasScannedForEncodings = 0;
			knownRegions = (
				en,
				Base,
			);
			mainGroup = 9DBAE8E51DC2EC19001A966D;
			productRefGroup = 9DBAE8EF1DC2EC19001A966D /* Products */;
			projectDirPath = "";
			projectRoot = "";
			targets = (
				9DBAE8ED1DC2EC19001A966D /* PickerImages */,
			);
		};
/* End PBXProject section */

/* Begin PBXResourcesBuildPhase section */
		9DBAE8EC1DC2EC19001A966D /* Resources */ = {
			isa = PBXResourcesBuildPhase;
			buildActionMask = 2147483647;
			files = (
				9DBAE9011DC2EC19001A966D /* LaunchScreen.storyboard in Resources */,
				9DBAE8FE1DC2EC19001A966D /* Assets.xcassets in Resources */,
				9DBAE8FC1DC2EC19001A966D /* Main.storyboard in Resources */,
			);
			runOnlyForDeploymentPostprocessing = 0;
		};
/* End PBXResourcesBuildPhase section */

/* Begin PBXSourcesBuildPhase section */
		9DBAE8EA1DC2EC19001A966D /* Sources */ = {
			isa = PBXSourcesBuildPhase;
			buildActionMask = 2147483647;
			files = (
				9DBAE8F91DC2EC19001A966D /* ViewController.m in Sources */,
				9DBAE8F61DC2EC19001A966D /* AppDelegate.m in Sources */,
				9DBAE8F31DC2EC19001A966D /* main.m in Sources */,
			);
			runOnlyForDeploymentPostprocessing = 0;
		};
/* End PBXSourcesBuildPhase section */

/* Begin PBXVariantGroup section */
		9DBAE8FA1DC2EC19001A966D /* Main.storyboard */ = {
			isa = PBXVariantGroup;
			children = (
				9DBAE8FB1DC2EC19001A966D /* Base */,
			);
			name = Main.storyboard;
			sourceTree = "<group>";
		};
		9DBAE8FF1DC2EC19001A966D /* LaunchScreen.storyboard */ = {
			isa = PBXVariantGroup;
			children = (
				9DBAE9001DC2EC19001A966D /* Base */,
			);
			name = LaunchScreen.storyboard;
			sourceTree = "<group>";
		};
/* End PBXVariantGroup section */

/* Begin XCBuildConfiguration section */
		9DBAE9031DC2EC19001A966D /* Debug */ = {
			isa = XCBuildConfiguration;
			buildSettings = {
				ALWAYS_SEARCH_USER_PATHS = NO;
				CLANG_ANALYZER_NONNULL = YES;
				CLANG_CXX_LANGUAGE_STANDARD = "gnu++0x";
				CLANG_CXX_LIBRARY = "libc++";
				CLANG_ENABLE_MODULES = YES;
				CLANG_ENABLE_OBJC_ARC = YES;
				CLANG_WARN_BOOL_CONVERSION = YES;
				CLANG_WARN_CONSTANT_CONVERSION = YES;
				CLANG_WARN_DIRECT_OBJC_ISA_USAGE = YES_ERROR;
				CLANG_WARN_DOCUMENTATION_COMMENTS = YES;
				CLANG_WARN_EMPTY_BODY = YES;
				CLANG_WARN_ENUM_CONVERSION = YES;
				CLANG_WARN_INFINITE_RECURSION = YES;
				CLANG_WARN_INT_CONVERSION = YES;
				CLANG_WARN_OBJC_ROOT_CLASS = YES_ERROR;
				CLANG_WARN_SUSPICIOUS_MOVES = YES;
				CLANG_WARN_UNREACHABLE_CODE = YES;
				CLANG_WARN__DUPLICATE_METHOD_MATCH = YES;
				"CODE_SIGN_IDENTITY[sdk=iphoneos*]" = "iPhone Developer";
				COPY_PHASE_STRIP = NO;
				DEBUG_INFORMATION_FORMAT = dwarf;
				ENABLE_STRICT_OBJC_MSGSEND = YES;
				ENABLE_TESTABILITY = YES;
				GCC_C_LANGUAGE_STANDARD = gnu99;
				GCC_DYNAMIC_NO_PIC = NO;
				GCC_NO_COMMON_BLOCKS = YES;
				GCC_OPTIMIZATION_LEVEL = 0;
				GCC_PREPROCESSOR_DEFINITIONS = (
					"DEBUG=1",
					"$(inherited)",
				);
				GCC_WARN_64_TO_32_BIT_CONVERSION = YES;
				GCC_WARN_ABOUT_RETURN_TYPE = YES_ERROR;
				GCC_WARN_UNDECLARED_SELECTOR = YES;
				GCC_WARN_UNINITIALIZED_AUTOS = YES_AGGRESSIVE;
				GCC_WARN_UNUSED_FUNCTION = YES;
				GCC_WARN_UNUSED_VARIABLE = YES;
				IPHONEOS_DEPLOYMENT_TARGET = 10.0;
				MTL_ENABLE_DEBUG_INFO = YES;
				ONLY_ACTIVE_ARCH = YES;
				SDKROOT = iphoneos;
				TARGETED_DEVICE_FAMILY = "1,2";
			};
			name = Debug;
		};
		9DBAE9041DC2EC19001A966D /* Release */ = {
			isa = XCBuildConfiguration;
			buildSettings = {
				ALWAYS_SEARCH_USER_PATHS = NO;
				CLANG_ANALYZER_NONNULL = YES;
				CLANG_CXX_LANGUAGE_STANDARD = "gnu++0x";
				CLANG_CXX_LIBRARY = "libc++";
				CLANG_ENABLE_MODULES = YES;
				CLANG_ENABLE_OBJC_ARC = YES;
				CLANG_WARN_BOOL_CONVERSION = YES;
				CLANG_WARN_CONSTANT_CONVERSION = YES;
				CLANG_WARN_DIRECT_OBJC_ISA_USAGE = YES_ERROR;
				CLANG_WARN_DOCUMENTATION_COMMENTS = YES;
				CLANG_WARN_EMPTY_BODY = YES;
				CLANG_WARN_ENUM_CONVERSION = YES;
				CLANG_WARN_INFINITE_RECURSION = YES;
				CLANG_WARN_INT_CONVERSION = YES;
				CLANG_WARN_OBJC_ROOT_CLASS = YES_ERROR;
				CLANG_WARN_SUSPICIOUS_MOVES = YES;
				CLANG_WARN_UNREACHABLE_CODE = YES;
				CLANG_WARN__DUPLICATE_METHOD_MATCH = YES;
				"CODE_SIGN_IDENTITY[sdk=iphoneos*]" = "iPhone Developer";
				COPY_PHASE_STRIP = NO;
				DEBUG_INFORMATION_FORMAT = "dwarf-with-dsym";
				ENABLE_NS_ASSERTIONS = NO;
				ENABLE_STRICT_OBJC_MSGSEND = YES;
				GCC_C_LANGUAGE_STANDARD = gnu99;
				GCC_NO_COMMON_BLOCKS = YES;
				GCC_WARN_64_TO_32_BIT_CONVERSION = YES;
				GCC_WARN_ABOUT_RETURN_TYPE = YES_ERROR;
				GCC_WARN_UNDECLARED_SELECTOR = YES;
				GCC_WARN_UNINITIALIZED_AUTOS = YES_AGGRESSIVE;
				GCC_WARN_UNUSED_FUNCTION = YES;
				GCC_WARN_UNUSED_VARIABLE = YES;
				IPHONEOS_DEPLOYMENT_TARGET = 10.0;
				MTL_ENABLE_DEBUG_INFO = NO;
				SDKROOT = iphoneos;
				TARGETED_DEVICE_FAMILY = "1,2";
				VALIDATE_PRODUCT = YES;
			};
			name = Release;
		};
		9DBAE9061DC2EC19001A966D /* Debug */ = {
			isa = XCBuildConfiguration;
			buildSettings = {
				ASSETCATALOG_COMPILER_APPICON_NAME = AppIcon;
				DEVELOPMENT_TEAM = A3D99DT85D;
				INFOPLIST_FILE = PickerImages/Info.plist;
				LD_RUNPATH_SEARCH_PATHS = "$(inherited) @executable_path/Frameworks";
				PRODUCT_BUNDLE_IDENTIFIER = wywk.PickerImages;
				PRODUCT_NAME = "$(TARGET_NAME)";
			};
			name = Debug;
		};
		9DBAE9071DC2EC19001A966D /* Release */ = {
			isa = XCBuildConfiguration;
			buildSettings = {
				ASSETCATALOG_COMPILER_APPICON_NAME = AppIcon;
				DEVELOPMENT_TEAM = A3D99DT85D;
				INFOPLIST_FILE = PickerImages/Info.plist;
				LD_RUNPATH_SEARCH_PATHS = "$(inherited) @executable_path/Frameworks";
				PRODUCT_BUNDLE_IDENTIFIER = wywk.PickerImages;
				PRODUCT_NAME = "$(TARGET_NAME)";
			};
			name = Release;
		};
/* End XCBuildConfiguration section */

/* Begin XCConfigurationList section */
		9DBAE8E91DC2EC19001A966D /* Build configuration list for PBXProject "PickerImages" */ = {
			isa = XCConfigurationList;
			buildConfigurations = (
				9DBAE9031DC2EC19001A966D /* Debug */,
				9DBAE9041DC2EC19001A966D /* Release */,
			);
			defaultConfigurationIsVisible = 0;
			defaultConfigurationName = Release;
		};
		9DBAE9051DC2EC19001A966D /* Build configuration list for PBXNativeTarget "PickerImages" */ = {
			isa = XCConfigurationList;
			buildConfigurations = (
				9DBAE9061DC2EC19001A966D /* Debug */,
				9DBAE9071DC2EC19001A966D /* Release */,
			);
			defaultConfigurationIsVisible = 0;
		};
/* End XCConfigurationList section */
	};
	rootObject = 9DBAE8E61DC2EC19001A966D /* Project object */;
}
