// !$*UTF8*$!
{
	archiveVersion = 1;
	classes = {
	};
	objectVersion = 46;
	objects = {

/* Begin PBXBuildFile section */
		346BDA4CCC351D9EB79BD11C /* libPods-PickerImages.a in Frameworks */ = {isa = PBXBuildFile; fileRef = 4D28C68A9845587506E859B9 /* libPods-PickerImages.a */; };
		9D0119001E0CAF7F00BD2B0D /* UIColor+Hex.m in Sources */ = {isa = PBXBuildFile; fileRef = 9D0118FF1E0CAF7F00BD2B0D /* UIColor+Hex.m */; };
		9D0119041E0CB14000BD2B0D /* ZPickerUtility.m in Sources */ = {isa = PBXBuildFile; fileRef = 9D0119031E0CB14000BD2B0D /* ZPickerUtility.m */; };
		9D01191E1E0CB27600BD2B0D /* TOCropViewControllerLocalizable.strings in Resources */ = {isa = PBXBuildFile; fileRef = 9D0119061E0CB27600BD2B0D /* TOCropViewControllerLocalizable.strings */; };
		9D01191F1E0CB27600BD2B0D /* TOActivityCroppedImageProvider.m in Sources */ = {isa = PBXBuildFile; fileRef = 9D01190B1E0CB27600BD2B0D /* TOActivityCroppedImageProvider.m */; };
		9D0119201E0CB27600BD2B0D /* TOCroppedImageAttributes.m in Sources */ = {isa = PBXBuildFile; fileRef = 9D01190D1E0CB27600BD2B0D /* TOCroppedImageAttributes.m */; };
		9D0119211E0CB27600BD2B0D /* TOCropViewControllerTransitioning.m in Sources */ = {isa = PBXBuildFile; fileRef = 9D01190F1E0CB27600BD2B0D /* TOCropViewControllerTransitioning.m */; };
		9D0119221E0CB27600BD2B0D /* UIImage+CropRotate.m in Sources */ = {isa = PBXBuildFile; fileRef = 9D0119111E0CB27600BD2B0D /* UIImage+CropRotate.m */; };
		9D0119231E0CB27600BD2B0D /* TOCropViewController.m in Sources */ = {isa = PBXBuildFile; fileRef = 9D0119131E0CB27600BD2B0D /* TOCropViewController.m */; };
		9D0119241E0CB27600BD2B0D /* TOCropOverlayView.m in Sources */ = {isa = PBXBuildFile; fileRef = 9D0119161E0CB27600BD2B0D /* TOCropOverlayView.m */; };
		9D0119251E0CB27600BD2B0D /* TOCropScrollView.m in Sources */ = {isa = PBXBuildFile; fileRef = 9D0119181E0CB27600BD2B0D /* TOCropScrollView.m */; };
		9D0119261E0CB27600BD2B0D /* TOCropToolbar.m in Sources */ = {isa = PBXBuildFile; fileRef = 9D01191A1E0CB27600BD2B0D /* TOCropToolbar.m */; };
		9D0119271E0CB27600BD2B0D /* TOCropView.m in Sources */ = {isa = PBXBuildFile; fileRef = 9D01191C1E0CB27600BD2B0D /* TOCropView.m */; };
		9D01192B1E0CB36D00BD2B0D /* PhotoPreviewViewController.m in Sources */ = {isa = PBXBuildFile; fileRef = 9D01192A1E0CB36D00BD2B0D /* PhotoPreviewViewController.m */; };
		9D01192E1E0CB42800BD2B0D /* UIViewController+CurrentViewController.m in Sources */ = {isa = PBXBuildFile; fileRef = 9D01192D1E0CB42800BD2B0D /* UIViewController+CurrentViewController.m */; };
		9DBAE8F31DC2EC19001A966D /* main.m in Sources */ = {isa = PBXBuildFile; fileRef = 9DBAE8F21DC2EC19001A966D /* main.m */; };
		9DBAE8F61DC2EC19001A966D /* AppDelegate.m in Sources */ = {isa = PBXBuildFile; fileRef = 9DBAE8F51DC2EC19001A966D /* AppDelegate.m */; };
		9DBAE8F91DC2EC19001A966D /* ViewController.m in Sources */ = {isa = PBXBuildFile; fileRef = 9DBAE8F81DC2EC19001A966D /* ViewController.m */; };
		9DBAE8FC1DC2EC19001A966D /* Main.storyboard in Resources */ = {isa = PBXBuildFile; fileRef = 9DBAE8FA1DC2EC19001A966D /* Main.storyboard */; };
		9DBAE8FE1DC2EC19001A966D /* Assets.xcassets in Resources */ = {isa = PBXBuildFile; fileRef = 9DBAE8FD1DC2EC19001A966D /* Assets.xcassets */; };
		9DBAE9011DC2EC19001A966D /* LaunchScreen.storyboard in Resources */ = {isa = PBXBuildFile; fileRef = 9DBAE8FF1DC2EC19001A966D /* LaunchScreen.storyboard */; };
		9DBAE9321DC2EC3B001A966D /* YppAssetCollectionListViewController.m in Sources */ = {isa = PBXBuildFile; fileRef = 9DBAE90B1DC2EC3B001A966D /* YppAssetCollectionListViewController.m */; };
		9DBAE9331DC2EC3B001A966D /* YppAssetNavigationController.m in Sources */ = {isa = PBXBuildFile; fileRef = 9DBAE90D1DC2EC3B001A966D /* YppAssetNavigationController.m */; };
		9DBAE9341DC2EC3B001A966D /* YppAssetPickerViewController.m in Sources */ = {isa = PBXBuildFile; fileRef = 9DBAE90F1DC2EC3B001A966D /* YppAssetPickerViewController.m */; };
		9DBAE9351DC2EC3B001A966D /* YppAssetPreviewViewController.m in Sources */ = {isa = PBXBuildFile; fileRef = 9DBAE9111DC2EC3B001A966D /* YppAssetPreviewViewController.m */; };
		9DBAE9361DC2EC3B001A966D /* YppAssetVideoPreviewViewController.m in Sources */ = {isa = PBXBuildFile; fileRef = 9DBAE9131DC2EC3B001A966D /* YppAssetVideoPreviewViewController.m */; };
		9DBAE9371DC2EC3B001A966D /* YppImageCropViewController.m in Sources */ = {isa = PBXBuildFile; fileRef = 9DBAE9151DC2EC3B001A966D /* YppImageCropViewController.m */; };
		9DBAE9381DC2EC3B001A966D /* YppImageManager.m in Sources */ = {isa = PBXBuildFile; fileRef = 9DBAE9171DC2EC3B001A966D /* YppImageManager.m */; };
		9DBAE9391DC2EC3B001A966D /* YppPreviewAfterCropViewController.m in Sources */ = {isa = PBXBuildFile; fileRef = 9DBAE9191DC2EC3B001A966D /* YppPreviewAfterCropViewController.m */; };
		9DBAE93A1DC2EC3B001A966D /* YppAssetCollectionViewModel.m in Sources */ = {isa = PBXBuildFile; fileRef = 9DBAE91C1DC2EC3B001A966D /* YppAssetCollectionViewModel.m */; };
		9DBAE93B1DC2EC3B001A966D /* YppAssetViewModel.m in Sources */ = {isa = PBXBuildFile; fileRef = 9DBAE91E1DC2EC3B001A966D /* YppAssetViewModel.m */; };
		9DBAE93C1DC2EC3B001A966D /* AssetsPickerChecked@2x.png in Resources */ = {isa = PBXBuildFile; fileRef = 9DBAE9201DC2EC3B001A966D /* AssetsPickerChecked@2x.png */; };
		9DBAE93D1DC2EC3B001A966D /* AssetsPickerUnChecked@2x.png in Resources */ = {isa = PBXBuildFile; fileRef = 9DBAE9211DC2EC3B001A966D /* AssetsPickerUnChecked@2x.png */; };
		9DBAE93E1DC2EC3B001A966D /* image_preview_back@2x.png in Resources */ = {isa = PBXBuildFile; fileRef = 9DBAE9221DC2EC3B001A966D /* image_preview_back@2x.png */; };
		9DBAE93F1DC2EC3B001A966D /* navBarBack@2x.png in Resources */ = {isa = PBXBuildFile; fileRef = 9DBAE9231DC2EC3B001A966D /* navBarBack@2x.png */; };
		9DBAE9401DC2EC3B001A966D /* navBarBack@3x.png in Resources */ = {isa = PBXBuildFile; fileRef = 9DBAE9241DC2EC3B001A966D /* navBarBack@3x.png */; };
		9DBAE9411DC2EC3B001A966D /* YppAssetCollectionTableViewCell.m in Sources */ = {isa = PBXBuildFile; fileRef = 9DBAE9271DC2EC3B001A966D /* YppAssetCollectionTableViewCell.m */; };
		9DBAE9421DC2EC3B001A966D /* YppAssetCollectionViewCell.m in Sources */ = {isa = PBXBuildFile; fileRef = 9DBAE9291DC2EC3B001A966D /* YppAssetCollectionViewCell.m */; };
		9DBAE9431DC2EC3B001A966D /* YppAssetPreViewCollectionCell.m in Sources */ = {isa = PBXBuildFile; fileRef = 9DBAE92B1DC2EC3B001A966D /* YppAssetPreViewCollectionCell.m */; };
		9DBAE9441DC2EC3B001A966D /* YppCustomBottomView.m in Sources */ = {isa = PBXBuildFile; fileRef = 9DBAE92D1DC2EC3B001A966D /* YppCustomBottomView.m */; };
		9DBAE9451DC2EC3B001A966D /* YppCustomTopView.m in Sources */ = {isa = PBXBuildFile; fileRef = 9DBAE92F1DC2EC3B001A966D /* YppCustomTopView.m */; };
		9DBAE9461DC2EC3B001A966D /* YppPhotoView.m in Sources */ = {isa = PBXBuildFile; fileRef = 9DBAE9311DC2EC3B001A966D /* YppPhotoView.m */; };
/* End PBXBuildFile section */

/* Begin PBXFileReference section */
		02F7753F39651FC19BEE8796 /* Pods-PickerImages.debug.xcconfig */ = {isa = PBXFileReference; includeInIndex = 1; lastKnownFileType = text.xcconfig; name = "Pods-PickerImages.debug.xcconfig"; path = "Pods/Target Support Files/Pods-PickerImages/Pods-PickerImages.debug.xcconfig"; sourceTree = "<group>"; };
		4D28C68A9845587506E859B9 /* libPods-PickerImages.a */ = {isa = PBXFileReference; explicitFileType = archive.ar; includeInIndex = 0; path = "libPods-PickerImages.a"; sourceTree = BUILT_PRODUCTS_DIR; };
		9D0118FC1E0CAED300BD2B0D /* ZPickerHeader.h */ = {isa = PBXFileReference; lastKnownFileType = sourcecode.c.h; path = ZPickerHeader.h; sourceTree = "<group>"; };
		9D0118FE1E0CAF7F00BD2B0D /* UIColor+Hex.h */ = {isa = PBXFileReference; fileEncoding = 4; lastKnownFileType = sourcecode.c.h; path = "UIColor+Hex.h"; sourceTree = "<group>"; };
		9D0118FF1E0CAF7F00BD2B0D /* UIColor+Hex.m */ = {isa = PBXFileReference; fileEncoding = 4; lastKnownFileType = sourcecode.c.objc; path = "UIColor+Hex.m"; sourceTree = "<group>"; };
		9D0119021E0CB14000BD2B0D /* ZPickerUtility.h */ = {isa = PBXFileReference; fileEncoding = 4; lastKnownFileType = sourcecode.c.h; path = ZPickerUtility.h; sourceTree = "<group>"; };
		9D0119031E0CB14000BD2B0D /* ZPickerUtility.m */ = {isa = PBXFileReference; fileEncoding = 4; lastKnownFileType = sourcecode.c.objc; path = ZPickerUtility.m; sourceTree = "<group>"; };
		9D0119071E0CB27600BD2B0D /* Base */ = {isa = PBXFileReference; lastKnownFileType = text.plist.strings; name = Base; path = Base.lproj/TOCropViewControllerLocalizable.strings; sourceTree = "<group>"; };
		9D0119081E0CB27600BD2B0D /* en */ = {isa = PBXFileReference; lastKnownFileType = text.plist.strings; name = en; path = en.lproj/TOCropViewControllerLocalizable.strings; sourceTree = "<group>"; };
		9D01190A1E0CB27600BD2B0D /* TOActivityCroppedImageProvider.h */ = {isa = PBXFileReference; fileEncoding = 4; lastKnownFileType = sourcecode.c.h; path = TOActivityCroppedImageProvider.h; sourceTree = "<group>"; };
		9D01190B1E0CB27600BD2B0D /* TOActivityCroppedImageProvider.m */ = {isa = PBXFileReference; fileEncoding = 4; lastKnownFileType = sourcecode.c.objc; path = TOActivityCroppedImageProvider.m; sourceTree = "<group>"; };
		9D01190C1E0CB27600BD2B0D /* TOCroppedImageAttributes.h */ = {isa = PBXFileReference; fileEncoding = 4; lastKnownFileType = sourcecode.c.h; path = TOCroppedImageAttributes.h; sourceTree = "<group>"; };
		9D01190D1E0CB27600BD2B0D /* TOCroppedImageAttributes.m */ = {isa = PBXFileReference; fileEncoding = 4; lastKnownFileType = sourcecode.c.objc; path = TOCroppedImageAttributes.m; sourceTree = "<group>"; };
		9D01190E1E0CB27600BD2B0D /* TOCropViewControllerTransitioning.h */ = {isa = PBXFileReference; fileEncoding = 4; lastKnownFileType = sourcecode.c.h; path = TOCropViewControllerTransitioning.h; sourceTree = "<group>"; };
		9D01190F1E0CB27600BD2B0D /* TOCropViewControllerTransitioning.m */ = {isa = PBXFileReference; fileEncoding = 4; lastKnownFileType = sourcecode.c.objc; path = TOCropViewControllerTransitioning.m; sourceTree = "<group>"; };
		9D0119101E0CB27600BD2B0D /* UIImage+CropRotate.h */ = {isa = PBXFileReference; fileEncoding = 4; lastKnownFileType = sourcecode.c.h; path = "UIImage+CropRotate.h"; sourceTree = "<group>"; };
		9D0119111E0CB27600BD2B0D /* UIImage+CropRotate.m */ = {isa = PBXFileReference; fileEncoding = 4; lastKnownFileType = sourcecode.c.objc; path = "UIImage+CropRotate.m"; sourceTree = "<group>"; };
		9D0119121E0CB27600BD2B0D /* TOCropViewController.h */ = {isa = PBXFileReference; fileEncoding = 4; lastKnownFileType = sourcecode.c.h; path = TOCropViewController.h; sourceTree = "<group>"; };
		9D0119131E0CB27600BD2B0D /* TOCropViewController.m */ = {isa = PBXFileReference; fileEncoding = 4; lastKnownFileType = sourcecode.c.objc; path = TOCropViewController.m; sourceTree = "<group>"; };
		9D0119151E0CB27600BD2B0D /* TOCropOverlayView.h */ = {isa = PBXFileReference; fileEncoding = 4; lastKnownFileType = sourcecode.c.h; path = TOCropOverlayView.h; sourceTree = "<group>"; };
		9D0119161E0CB27600BD2B0D /* TOCropOverlayView.m */ = {isa = PBXFileReference; fileEncoding = 4; lastKnownFileType = sourcecode.c.objc; path = TOCropOverlayView.m; sourceTree = "<group>"; };
		9D0119171E0CB27600BD2B0D /* TOCropScrollView.h */ = {isa = PBXFileReference; fileEncoding = 4; lastKnownFileType = sourcecode.c.h; path = TOCropScrollView.h; sourceTree = "<group>"; };
		9D0119181E0CB27600BD2B0D /* TOCropScrollView.m */ = {isa = PBXFileReference; fileEncoding = 4; lastKnownFileType = sourcecode.c.objc; path = TOCropScrollView.m; sourceTree = "<group>"; };
		9D0119191E0CB27600BD2B0D /* TOCropToolbar.h */ = {isa = PBXFileReference; fileEncoding = 4; lastKnownFileType = sourcecode.c.h; path = TOCropToolbar.h; sourceTree = "<group>"; };
		9D01191A1E0CB27600BD2B0D /* TOCropToolbar.m */ = {isa = PBXFileReference; fileEncoding = 4; lastKnownFileType = sourcecode.c.objc; path = TOCropToolbar.m; sourceTree = "<group>"; };
		9D01191B1E0CB27600BD2B0D /* TOCropView.h */ = {isa = PBXFileReference; fileEncoding = 4; lastKnownFileType = sourcecode.c.h; path = TOCropView.h; sourceTree = "<group>"; };
		9D01191C1E0CB27600BD2B0D /* TOCropView.m */ = {isa = PBXFileReference; fileEncoding = 4; lastKnownFileType = sourcecode.c.objc; path = TOCropView.m; sourceTree = "<group>"; };
		9D01191D1E0CB27600BD2B0D /* zh-Hans */ = {isa = PBXFileReference; lastKnownFileType = text.plist.strings; name = "zh-Hans"; path = "zh-Hans.lproj/TOCropViewControllerLocalizable.strings"; sourceTree = "<group>"; };
		9D0119291E0CB36D00BD2B0D /* PhotoPreviewViewController.h */ = {isa = PBXFileReference; fileEncoding = 4; lastKnownFileType = sourcecode.c.h; path = PhotoPreviewViewController.h; sourceTree = "<group>"; };
		9D01192A1E0CB36D00BD2B0D /* PhotoPreviewViewController.m */ = {isa = PBXFileReference; fileEncoding = 4; lastKnownFileType = sourcecode.c.objc; path = PhotoPreviewViewController.m; sourceTree = "<group>"; };
		9D01192C1E0CB42800BD2B0D /* UIViewController+CurrentViewController.h */ = {isa = PBXFileReference; fileEncoding = 4; lastKnownFileType = sourcecode.c.h; path = "UIViewController+CurrentViewController.h"; sourceTree = "<group>"; };
		9D01192D1E0CB42800BD2B0D /* UIViewController+CurrentViewController.m */ = {isa = PBXFileReference; fileEncoding = 4; lastKnownFileType = sourcecode.c.objc; path = "UIViewController+CurrentViewController.m"; sourceTree = "<group>"; };
		9DBAE8EE1DC2EC19001A966D /* PickerImages.app */ = {isa = PBXFileReference; explicitFileType = wrapper.application; includeInIndex = 0; path = PickerImages.app; sourceTree = BUILT_PRODUCTS_DIR; };
		9DBAE8F21DC2EC19001A966D /* main.m */ = {isa = PBXFileReference; lastKnownFileType = sourcecode.c.objc; path = main.m; sourceTree = "<group>"; };
		9DBAE8F41DC2EC19001A966D /* AppDelegate.h */ = {isa = PBXFileReference; lastKnownFileType = sourcecode.c.h; path = AppDelegate.h; sourceTree = "<group>"; };
		9DBAE8F51DC2EC19001A966D /* AppDelegate.m */ = {isa = PBXFileReference; lastKnownFileType = sourcecode.c.objc; path = AppDelegate.m; sourceTree = "<group>"; };
		9DBAE8F71DC2EC19001A966D /* ViewController.h */ = {isa = PBXFileReference; lastKnownFileType = sourcecode.c.h; path = ViewController.h; sourceTree = "<group>"; };
		9DBAE8F81DC2EC19001A966D /* ViewController.m */ = {isa = PBXFileReference; lastKnownFileType = sourcecode.c.objc; path = ViewController.m; sourceTree = "<group>"; };
		9DBAE8FB1DC2EC19001A966D /* Base */ = {isa = PBXFileReference; lastKnownFileType = file.storyboard; name = Base; path = Base.lproj/Main.storyboard; sourceTree = "<group>"; };
		9DBAE8FD1DC2EC19001A966D /* Assets.xcassets */ = {isa = PBXFileReference; lastKnownFileType = folder.assetcatalog; path = Assets.xcassets; sourceTree = "<group>"; };
		9DBAE9001DC2EC19001A966D /* Base */ = {isa = PBXFileReference; lastKnownFileType = file.storyboard; name = Base; path = Base.lproj/LaunchScreen.storyboard; sourceTree = "<group>"; };
		9DBAE9021DC2EC19001A966D /* Info.plist */ = {isa = PBXFileReference; lastKnownFileType = text.plist.xml; path = Info.plist; sourceTree = "<group>"; };
		9DBAE90A1DC2EC3B001A966D /* YppAssetCollectionListViewController.h */ = {isa = PBXFileReference; fileEncoding = 4; lastKnownFileType = sourcecode.c.h; path = YppAssetCollectionListViewController.h; sourceTree = "<group>"; };
		9DBAE90B1DC2EC3B001A966D /* YppAssetCollectionListViewController.m */ = {isa = PBXFileReference; fileEncoding = 4; lastKnownFileType = sourcecode.c.objc; path = YppAssetCollectionListViewController.m; sourceTree = "<group>"; };
		9DBAE90C1DC2EC3B001A966D /* YppAssetNavigationController.h */ = {isa = PBXFileReference; fileEncoding = 4; lastKnownFileType = sourcecode.c.h; path = YppAssetNavigationController.h; sourceTree = "<group>"; };
		9DBAE90D1DC2EC3B001A966D /* YppAssetNavigationController.m */ = {isa = PBXFileReference; fileEncoding = 4; lastKnownFileType = sourcecode.c.objc; path = YppAssetNavigationController.m; sourceTree = "<group>"; };
		9DBAE90E1DC2EC3B001A966D /* YppAssetPickerViewController.h */ = {isa = PBXFileReference; fileEncoding = 4; lastKnownFileType = sourcecode.c.h; path = YppAssetPickerViewController.h; sourceTree = "<group>"; };
		9DBAE90F1DC2EC3B001A966D /* YppAssetPickerViewController.m */ = {isa = PBXFileReference; fileEncoding = 4; lastKnownFileType = sourcecode.c.objc; path = YppAssetPickerViewController.m; sourceTree = "<group>"; };
		9DBAE9101DC2EC3B001A966D /* YppAssetPreviewViewController.h */ = {isa = PBXFileReference; fileEncoding = 4; lastKnownFileType = sourcecode.c.h; path = YppAssetPreviewViewController.h; sourceTree = "<group>"; };
		9DBAE9111DC2EC3B001A966D /* YppAssetPreviewViewController.m */ = {isa = PBXFileReference; fileEncoding = 4; lastKnownFileType = sourcecode.c.objc; path = YppAssetPreviewViewController.m; sourceTree = "<group>"; };
		9DBAE9121DC2EC3B001A966D /* YppAssetVideoPreviewViewController.h */ = {isa = PBXFileReference; fileEncoding = 4; lastKnownFileType = sourcecode.c.h; path = YppAssetVideoPreviewViewController.h; sourceTree = "<group>"; };
		9DBAE9131DC2EC3B001A966D /* YppAssetVideoPreviewViewController.m */ = {isa = PBXFileReference; fileEncoding = 4; lastKnownFileType = sourcecode.c.objc; path = YppAssetVideoPreviewViewController.m; sourceTree = "<group>"; };
		9DBAE9141DC2EC3B001A966D /* YppImageCropViewController.h */ = {isa = PBXFileReference; fileEncoding = 4; lastKnownFileType = sourcecode.c.h; path = YppImageCropViewController.h; sourceTree = "<group>"; };
		9DBAE9151DC2EC3B001A966D /* YppImageCropViewController.m */ = {isa = PBXFileReference; fileEncoding = 4; lastKnownFileType = sourcecode.c.objc; path = YppImageCropViewController.m; sourceTree = "<group>"; };
		9DBAE9161DC2EC3B001A966D /* YppImageManager.h */ = {isa = PBXFileReference; fileEncoding = 4; lastKnownFileType = sourcecode.c.h; path = YppImageManager.h; sourceTree = "<group>"; };
		9DBAE9171DC2EC3B001A966D /* YppImageManager.m */ = {isa = PBXFileReference; fileEncoding = 4; lastKnownFileType = sourcecode.c.objc; path = YppImageManager.m; sourceTree = "<group>"; };
		9DBAE9181DC2EC3B001A966D /* YppPreviewAfterCropViewController.h */ = {isa = PBXFileReference; fileEncoding = 4; lastKnownFileType = sourcecode.c.h; path = YppPreviewAfterCropViewController.h; sourceTree = "<group>"; };
		9DBAE9191DC2EC3B001A966D /* YppPreviewAfterCropViewController.m */ = {isa = PBXFileReference; fileEncoding = 4; lastKnownFileType = sourcecode.c.objc; path = YppPreviewAfterCropViewController.m; sourceTree = "<group>"; };
		9DBAE91B1DC2EC3B001A966D /* YppAssetCollectionViewModel.h */ = {isa = PBXFileReference; fileEncoding = 4; lastKnownFileType = sourcecode.c.h; path = YppAssetCollectionViewModel.h; sourceTree = "<group>"; };
		9DBAE91C1DC2EC3B001A966D /* YppAssetCollectionViewModel.m */ = {isa = PBXFileReference; fileEncoding = 4; lastKnownFileType = sourcecode.c.objc; path = YppAssetCollectionViewModel.m; sourceTree = "<group>"; };
		9DBAE91D1DC2EC3B001A966D /* YppAssetViewModel.h */ = {isa = PBXFileReference; fileEncoding = 4; lastKnownFileType = sourcecode.c.h; path = YppAssetViewModel.h; sourceTree = "<group>"; };
		9DBAE91E1DC2EC3B001A966D /* YppAssetViewModel.m */ = {isa = PBXFileReference; fileEncoding = 4; lastKnownFileType = sourcecode.c.objc; path = YppAssetViewModel.m; sourceTree = "<group>"; };
		9DBAE9201DC2EC3B001A966D /* AssetsPickerChecked@2x.png */ = {isa = PBXFileReference; lastKnownFileType = image.png; path = "AssetsPickerChecked@2x.png"; sourceTree = "<group>"; };
		9DBAE9211DC2EC3B001A966D /* AssetsPickerUnChecked@2x.png */ = {isa = PBXFileReference; lastKnownFileType = image.png; path = "AssetsPickerUnChecked@2x.png"; sourceTree = "<group>"; };
		9DBAE9221DC2EC3B001A966D /* image_preview_back@2x.png */ = {isa = PBXFileReference; lastKnownFileType = image.png; path = "image_preview_back@2x.png"; sourceTree = "<group>"; };
		9DBAE9231DC2EC3B001A966D /* navBarBack@2x.png */ = {isa = PBXFileReference; lastKnownFileType = image.png; path = "navBarBack@2x.png"; sourceTree = "<group>"; };
		9DBAE9241DC2EC3B001A966D /* navBarBack@3x.png */ = {isa = PBXFileReference; lastKnownFileType = image.png; path = "navBarBack@3x.png"; sourceTree = "<group>"; };
		9DBAE9261DC2EC3B001A966D /* YppAssetCollectionTableViewCell.h */ = {isa = PBXFileReference; fileEncoding = 4; lastKnownFileType = sourcecode.c.h; path = YppAssetCollectionTableViewCell.h; sourceTree = "<group>"; };
		9DBAE9271DC2EC3B001A966D /* YppAssetCollectionTableViewCell.m */ = {isa = PBXFileReference; fileEncoding = 4; lastKnownFileType = sourcecode.c.objc; path = YppAssetCollectionTableViewCell.m; sourceTree = "<group>"; };
		9DBAE9281DC2EC3B001A966D /* YppAssetCollectionViewCell.h */ = {isa = PBXFileReference; fileEncoding = 4; lastKnownFileType = sourcecode.c.h; path = YppAssetCollectionViewCell.h; sourceTree = "<group>"; };
		9DBAE9291DC2EC3B001A966D /* YppAssetCollectionViewCell.m */ = {isa = PBXFileReference; fileEncoding = 4; lastKnownFileType = sourcecode.c.objc; path = YppAssetCollectionViewCell.m; sourceTree = "<group>"; };
		9DBAE92A1DC2EC3B001A966D /* YppAssetPreViewCollectionCell.h */ = {isa = PBXFileReference; fileEncoding = 4; lastKnownFileType = sourcecode.c.h; path = YppAssetPreViewCollectionCell.h; sourceTree = "<group>"; };
		9DBAE92B1DC2EC3B001A966D /* YppAssetPreViewCollectionCell.m */ = {isa = PBXFileReference; fileEncoding = 4; lastKnownFileType = sourcecode.c.objc; path = YppAssetPreViewCollectionCell.m; sourceTree = "<group>"; };
		9DBAE92C1DC2EC3B001A966D /* YppCustomBottomView.h */ = {isa = PBXFileReference; fileEncoding = 4; lastKnownFileType = sourcecode.c.h; path = YppCustomBottomView.h; sourceTree = "<group>"; };
		9DBAE92D1DC2EC3B001A966D /* YppCustomBottomView.m */ = {isa = PBXFileReference; fileEncoding = 4; lastKnownFileType = sourcecode.c.objc; path = YppCustomBottomView.m; sourceTree = "<group>"; };
		9DBAE92E1DC2EC3B001A966D /* YppCustomTopView.h */ = {isa = PBXFileReference; fileEncoding = 4; lastKnownFileType = sourcecode.c.h; path = YppCustomTopView.h; sourceTree = "<group>"; };
		9DBAE92F1DC2EC3B001A966D /* YppCustomTopView.m */ = {isa = PBXFileReference; fileEncoding = 4; lastKnownFileType = sourcecode.c.objc; path = YppCustomTopView.m; sourceTree = "<group>"; };
		9DBAE9301DC2EC3B001A966D /* YppPhotoView.h */ = {isa = PBXFileReference; fileEncoding = 4; lastKnownFileType = sourcecode.c.h; path = YppPhotoView.h; sourceTree = "<group>"; };
		9DBAE9311DC2EC3B001A966D /* YppPhotoView.m */ = {isa = PBXFileReference; fileEncoding = 4; lastKnownFileType = sourcecode.c.objc; path = YppPhotoView.m; sourceTree = "<group>"; };
		F8851264305AA856D4D96504 /* Pods-PickerImages.release.xcconfig */ = {isa = PBXFileReference; includeInIndex = 1; lastKnownFileType = text.xcconfig; name = "Pods-PickerImages.release.xcconfig"; path = "Pods/Target Support Files/Pods-PickerImages/Pods-PickerImages.release.xcconfig"; sourceTree = "<group>"; };
/* End PBXFileReference section */

/* Begin PBXFrameworksBuildPhase section */
		9DBAE8EB1DC2EC19001A966D /* Frameworks */ = {
			isa = PBXFrameworksBuildPhase;
			buildActionMask = 2147483647;
			files = (
				346BDA4CCC351D9EB79BD11C /* libPods-PickerImages.a in Frameworks */,
			);
			runOnlyForDeploymentPostprocessing = 0;
		};
/* End PBXFrameworksBuildPhase section */

/* Begin PBXGroup section */
		7CE6DE6BE601DFD43B341B23 /* Pods */ = {
			isa = PBXGroup;
			children = (
				02F7753F39651FC19BEE8796 /* Pods-PickerImages.debug.xcconfig */,
				F8851264305AA856D4D96504 /* Pods-PickerImages.release.xcconfig */,
			);
			name = Pods;
			sourceTree = "<group>";
		};
		9D0118FB1E0CAEB000BD2B0D /* Public */ = {
			isa = PBXGroup;
			children = (
				9D0119011E0CB12600BD2B0D /* Singleton */,
				9D0118FD1E0CAF4900BD2B0D /* Category */,
				9D0118FC1E0CAED300BD2B0D /* ZPickerHeader.h */,
			);
			path = Public;
			sourceTree = "<group>";
		};
		9D0118FD1E0CAF4900BD2B0D /* Category */ = {
			isa = PBXGroup;
			children = (
				9D0118FE1E0CAF7F00BD2B0D /* UIColor+Hex.h */,
				9D0118FF1E0CAF7F00BD2B0D /* UIColor+Hex.m */,
				9D01192C1E0CB42800BD2B0D /* UIViewController+CurrentViewController.h */,
				9D01192D1E0CB42800BD2B0D /* UIViewController+CurrentViewController.m */,
			);
			name = Category;
			sourceTree = "<group>";
		};
		9D0119011E0CB12600BD2B0D /* Singleton */ = {
			isa = PBXGroup;
			children = (
				9D0119021E0CB14000BD2B0D /* ZPickerUtility.h */,
				9D0119031E0CB14000BD2B0D /* ZPickerUtility.m */,
			);
			path = Singleton;
			sourceTree = "<group>";
		};
		9D0119051E0CB27600BD2B0D /* TOCropViewController */ = {
			isa = PBXGroup;
			children = (
				9D0119061E0CB27600BD2B0D /* TOCropViewControllerLocalizable.strings */,
				9D0119091E0CB27600BD2B0D /* Models */,
				9D0119121E0CB27600BD2B0D /* TOCropViewController.h */,
				9D0119131E0CB27600BD2B0D /* TOCropViewController.m */,
				9D0119141E0CB27600BD2B0D /* Views */,
			);
			path = TOCropViewController;
			sourceTree = "<group>";
		};
		9D0119091E0CB27600BD2B0D /* Models */ = {
			isa = PBXGroup;
			children = (
				9D01190A1E0CB27600BD2B0D /* TOActivityCroppedImageProvider.h */,
				9D01190B1E0CB27600BD2B0D /* TOActivityCroppedImageProvider.m */,
				9D01190C1E0CB27600BD2B0D /* TOCroppedImageAttributes.h */,
				9D01190D1E0CB27600BD2B0D /* TOCroppedImageAttributes.m */,
				9D01190E1E0CB27600BD2B0D /* TOCropViewControllerTransitioning.h */,
				9D01190F1E0CB27600BD2B0D /* TOCropViewControllerTransitioning.m */,
				9D0119101E0CB27600BD2B0D /* UIImage+CropRotate.h */,
				9D0119111E0CB27600BD2B0D /* UIImage+CropRotate.m */,
			);
			path = Models;
			sourceTree = "<group>";
		};
		9D0119141E0CB27600BD2B0D /* Views */ = {
			isa = PBXGroup;
			children = (
				9D0119151E0CB27600BD2B0D /* TOCropOverlayView.h */,
				9D0119161E0CB27600BD2B0D /* TOCropOverlayView.m */,
				9D0119171E0CB27600BD2B0D /* TOCropScrollView.h */,
				9D0119181E0CB27600BD2B0D /* TOCropScrollView.m */,
				9D0119191E0CB27600BD2B0D /* TOCropToolbar.h */,
				9D01191A1E0CB27600BD2B0D /* TOCropToolbar.m */,
				9D01191B1E0CB27600BD2B0D /* TOCropView.h */,
				9D01191C1E0CB27600BD2B0D /* TOCropView.m */,
			);
			path = Views;
			sourceTree = "<group>";
		};
		9D0119281E0CB36D00BD2B0D /* PhotoPreviewViewController */ = {
			isa = PBXGroup;
			children = (
				9D0119291E0CB36D00BD2B0D /* PhotoPreviewViewController.h */,
				9D01192A1E0CB36D00BD2B0D /* PhotoPreviewViewController.m */,
			);
			path = PhotoPreviewViewController;
			sourceTree = "<group>";
		};
		9DBAE8E51DC2EC19001A966D = {
			isa = PBXGroup;
			children = (
				9DBAE9081DC2EC3B001A966D /* YppAssetPickerImages */,
				9DBAE8F01DC2EC19001A966D /* PickerImages */,
				9DBAE8EF1DC2EC19001A966D /* Products */,
				7CE6DE6BE601DFD43B341B23 /* Pods */,
				F35CFC6FB83E3A9E26441CCA /* Frameworks */,
			);
			sourceTree = "<group>";
		};
		9DBAE8EF1DC2EC19001A966D /* Products */ = {
			isa = PBXGroup;
			children = (
				9DBAE8EE1DC2EC19001A966D /* PickerImages.app */,
			);
			name = Products;
			sourceTree = "<group>";
		};
		9DBAE8F01DC2EC19001A966D /* PickerImages */ = {
			isa = PBXGroup;
			children = (
				9DBAE8F41DC2EC19001A966D /* AppDelegate.h */,
				9DBAE8F51DC2EC19001A966D /* AppDelegate.m */,
				9DBAE8F71DC2EC19001A966D /* ViewController.h */,
				9DBAE8F81DC2EC19001A966D /* ViewController.m */,
				9DBAE8FA1DC2EC19001A966D /* Main.storyboard */,
				9DBAE8FD1DC2EC19001A966D /* Assets.xcassets */,
				9DBAE8FF1DC2EC19001A966D /* LaunchScreen.storyboard */,
				9DBAE9021DC2EC19001A966D /* Info.plist */,
				9DBAE8F11DC2EC19001A966D /* Supporting Files */,
			);
			path = PickerImages;
			sourceTree = "<group>";
		};
		9DBAE8F11DC2EC19001A966D /* Supporting Files */ = {
			isa = PBXGroup;
			children = (
				9DBAE8F21DC2EC19001A966D /* main.m */,
			);
			name = "Supporting Files";
			sourceTree = "<group>";
		};
		9DBAE9081DC2EC3B001A966D /* YppAssetPickerImages */ = {
			isa = PBXGroup;
			children = (
				9D0118FB1E0CAEB000BD2B0D /* Public */,
				9DBAE9091DC2EC3B001A966D /* Controller */,
				9DBAE91A1DC2EC3B001A966D /* Model */,
				9DBAE91F1DC2EC3B001A966D /* Resources */,
				9DBAE9251DC2EC3B001A966D /* View */,
			);
			path = YppAssetPickerImages;
			sourceTree = "<group>";
		};
		9DBAE9091DC2EC3B001A966D /* Controller */ = {
			isa = PBXGroup;
			children = (
				9D0119281E0CB36D00BD2B0D /* PhotoPreviewViewController */,
				9D0119051E0CB27600BD2B0D /* TOCropViewController */,
				9DBAE90A1DC2EC3B001A966D /* YppAssetCollectionListViewController.h */,
				9DBAE90B1DC2EC3B001A966D /* YppAssetCollectionListViewController.m */,
				9DBAE90C1DC2EC3B001A966D /* YppAssetNavigationController.h */,
				9DBAE90D1DC2EC3B001A966D /* YppAssetNavigationController.m */,
				9DBAE90E1DC2EC3B001A966D /* YppAssetPickerViewController.h */,
				9DBAE90F1DC2EC3B001A966D /* YppAssetPickerViewController.m */,
				9DBAE9101DC2EC3B001A966D /* YppAssetPreviewViewController.h */,
				9DBAE9111DC2EC3B001A966D /* YppAssetPreviewViewController.m */,
				9DBAE9121DC2EC3B001A966D /* YppAssetVideoPreviewViewController.h */,
				9DBAE9131DC2EC3B001A966D /* YppAssetVideoPreviewViewController.m */,
				9DBAE9141DC2EC3B001A966D /* YppImageCropViewController.h */,
				9DBAE9151DC2EC3B001A966D /* YppImageCropViewController.m */,
				9DBAE9161DC2EC3B001A966D /* YppImageManager.h */,
				9DBAE9171DC2EC3B001A966D /* YppImageManager.m */,
				9DBAE9181DC2EC3B001A966D /* YppPreviewAfterCropViewController.h */,
				9DBAE9191DC2EC3B001A966D /* YppPreviewAfterCropViewController.m */,
			);
			path = Controller;
			sourceTree = "<group>";
		};
		9DBAE91A1DC2EC3B001A966D /* Model */ = {
			isa = PBXGroup;
			children = (
				9DBAE91B1DC2EC3B001A966D /* YppAssetCollectionViewModel.h */,
				9DBAE91C1DC2EC3B001A966D /* YppAssetCollectionViewModel.m */,
				9DBAE91D1DC2EC3B001A966D /* YppAssetViewModel.h */,
				9DBAE91E1DC2EC3B001A966D /* YppAssetViewModel.m */,
			);
			path = Model;
			sourceTree = "<group>";
		};
		9DBAE91F1DC2EC3B001A966D /* Resources */ = {
			isa = PBXGroup;
			children = (
				9DBAE9201DC2EC3B001A966D /* AssetsPickerChecked@2x.png */,
				9DBAE9211DC2EC3B001A966D /* AssetsPickerUnChecked@2x.png */,
				9DBAE9221DC2EC3B001A966D /* image_preview_back@2x.png */,
				9DBAE9231DC2EC3B001A966D /* navBarBack@2x.png */,
				9DBAE9241DC2EC3B001A966D /* navBarBack@3x.png */,
			);
			path = Resources;
			sourceTree = "<group>";
		};
		9DBAE9251DC2EC3B001A966D /* View */ = {
			isa = PBXGroup;
			children = (
				9DBAE9261DC2EC3B001A966D /* YppAssetCollectionTableViewCell.h */,
				9DBAE9271DC2EC3B001A966D /* YppAssetCollectionTableViewCell.m */,
				9DBAE9281DC2EC3B001A966D /* YppAssetCollectionViewCell.h */,
				9DBAE9291DC2EC3B001A966D /* YppAssetCollectionViewCell.m */,
				9DBAE92A1DC2EC3B001A966D /* YppAssetPreViewCollectionCell.h */,
				9DBAE92B1DC2EC3B001A966D /* YppAssetPreViewCollectionCell.m */,
				9DBAE92C1DC2EC3B001A966D /* YppCustomBottomView.h */,
				9DBAE92D1DC2EC3B001A966D /* YppCustomBottomView.m */,
				9DBAE92E1DC2EC3B001A966D /* YppCustomTopView.h */,
				9DBAE92F1DC2EC3B001A966D /* YppCustomTopView.m */,
				9DBAE9301DC2EC3B001A966D /* YppPhotoView.h */,
				9DBAE9311DC2EC3B001A966D /* YppPhotoView.m */,
			);
			path = View;
			sourceTree = "<group>";
		};
		F35CFC6FB83E3A9E26441CCA /* Frameworks */ = {
			isa = PBXGroup;
			children = (
				4D28C68A9845587506E859B9 /* libPods-PickerImages.a */,
			);
			name = Frameworks;
			sourceTree = "<group>";
		};
/* End PBXGroup section */

/* Begin PBXNativeTarget section */
		9DBAE8ED1DC2EC19001A966D /* PickerImages */ = {
			isa = PBXNativeTarget;
			buildConfigurationList = 9DBAE9051DC2EC19001A966D /* Build configuration list for PBXNativeTarget "PickerImages" */;
			buildPhases = (
				6E8B10B575E27DD2537A3660 /* [CP] Check Pods Manifest.lock */,
				9DBAE8EA1DC2EC19001A966D /* Sources */,
				9DBAE8EB1DC2EC19001A966D /* Frameworks */,
				9DBAE8EC1DC2EC19001A966D /* Resources */,
				9588590795D43EAB78400BD2 /* [CP] Embed Pods Frameworks */,
				1C96B893D510F05BB1D95301 /* [CP] Copy Pods Resources */,
			);
			buildRules = (
			);
			dependencies = (
			);
			name = PickerImages;
			productName = PickerImages;
			productReference = 9DBAE8EE1DC2EC19001A966D /* PickerImages.app */;
			productType = "com.apple.product-type.application";
		};
/* End PBXNativeTarget section */

/* Begin PBXProject section */
		9DBAE8E61DC2EC19001A966D /* Project object */ = {
			isa = PBXProject;
			attributes = {
				LastUpgradeCheck = 0800;
				ORGANIZATIONNAME = zhz;
				TargetAttributes = {
					9DBAE8ED1DC2EC19001A966D = {
						CreatedOnToolsVersion = 8.0;
						DevelopmentTeam = A3D99DT85D;
						ProvisioningStyle = Automatic;
					};
				};
			};
			buildConfigurationList = 9DBAE8E91DC2EC19001A966D /* Build configuration list for PBXProject "PickerImages" */;
			compatibilityVersion = "Xcode 3.2";
			developmentRegion = English;
			hasScannedForEncodings = 0;
			knownRegions = (
				en,
				Base,
				"zh-Hans",
			);
			mainGroup = 9DBAE8E51DC2EC19001A966D;
			productRefGroup = 9DBAE8EF1DC2EC19001A966D /* Products */;
			projectDirPath = "";
			projectRoot = "";
			targets = (
				9DBAE8ED1DC2EC19001A966D /* PickerImages */,
			);
		};
/* End PBXProject section */

/* Begin PBXResourcesBuildPhase section */
		9DBAE8EC1DC2EC19001A966D /* Resources */ = {
			isa = PBXResourcesBuildPhase;
			buildActionMask = 2147483647;
			files = (
				9DBAE93E1DC2EC3B001A966D /* image_preview_back@2x.png in Resources */,
				9DBAE9011DC2EC19001A966D /* LaunchScreen.storyboard in Resources */,
				9DBAE9401DC2EC3B001A966D /* navBarBack@3x.png in Resources */,
				9DBAE93D1DC2EC3B001A966D /* AssetsPickerUnChecked@2x.png in Resources */,
				9DBAE8FE1DC2EC19001A966D /* Assets.xcassets in Resources */,
				9DBAE8FC1DC2EC19001A966D /* Main.storyboard in Resources */,
				9D01191E1E0CB27600BD2B0D /* TOCropViewControllerLocalizable.strings in Resources */,
				9DBAE93C1DC2EC3B001A966D /* AssetsPickerChecked@2x.png in Resources */,
				9DBAE93F1DC2EC3B001A966D /* navBarBack@2x.png in Resources */,
			);
			runOnlyForDeploymentPostprocessing = 0;
		};
/* End PBXResourcesBuildPhase section */

/* Begin PBXShellScriptBuildPhase section */
		1C96B893D510F05BB1D95301 /* [CP] Copy Pods Resources */ = {
			isa = PBXShellScriptBuildPhase;
			buildActionMask = 2147483647;
			files = (
			);
			inputPaths = (
			);
			name = "[CP] Copy Pods Resources";
			outputPaths = (
			);
			runOnlyForDeploymentPostprocessing = 0;
			shellPath = /bin/sh;
			shellScript = "\"${SRCROOT}/Pods/Target Support Files/Pods-PickerImages/Pods-PickerImages-resources.sh\"\n";
			showEnvVarsInLog = 0;
		};
		6E8B10B575E27DD2537A3660 /* [CP] Check Pods Manifest.lock */ = {
			isa = PBXShellScriptBuildPhase;
			buildActionMask = 2147483647;
			files = (
			);
			inputPaths = (
			);
			name = "[CP] Check Pods Manifest.lock";
			outputPaths = (
			);
			runOnlyForDeploymentPostprocessing = 0;
			shellPath = /bin/sh;
			shellScript = "diff \"${PODS_ROOT}/../Podfile.lock\" \"${PODS_ROOT}/Manifest.lock\" > /dev/null\nif [ $? != 0 ] ; then\n    # print error to STDERR\n    echo \"error: The sandbox is not in sync with the Podfile.lock. Run 'pod install' or update your CocoaPods installation.\" >&2\n    exit 1\nfi\n";
			showEnvVarsInLog = 0;
		};
		9588590795D43EAB78400BD2 /* [CP] Embed Pods Frameworks */ = {
			isa = PBXShellScriptBuildPhase;
			buildActionMask = 2147483647;
			files = (
			);
			inputPaths = (
			);
			name = "[CP] Embed Pods Frameworks";
			outputPaths = (
			);
			runOnlyForDeploymentPostprocessing = 0;
			shellPath = /bin/sh;
			shellScript = "\"${SRCROOT}/Pods/Target Support Files/Pods-PickerImages/Pods-PickerImages-frameworks.sh\"\n";
			showEnvVarsInLog = 0;
		};
/* End PBXShellScriptBuildPhase section */

/* Begin PBXSourcesBuildPhase section */
		9DBAE8EA1DC2EC19001A966D /* Sources */ = {
			isa = PBXSourcesBuildPhase;
			buildActionMask = 2147483647;
			files = (
				9DBAE9361DC2EC3B001A966D /* YppAssetVideoPreviewViewController.m in Sources */,
				9D0119001E0CAF7F00BD2B0D /* UIColor+Hex.m in Sources */,
				9DBAE9431DC2EC3B001A966D /* YppAssetPreViewCollectionCell.m in Sources */,
				9D01192B1E0CB36D00BD2B0D /* PhotoPreviewViewController.m in Sources */,
				9DBAE8F91DC2EC19001A966D /* ViewController.m in Sources */,
				9DBAE9371DC2EC3B001A966D /* YppImageCropViewController.m in Sources */,
				9DBAE93B1DC2EC3B001A966D /* YppAssetViewModel.m in Sources */,
				9DBAE9341DC2EC3B001A966D /* YppAssetPickerViewController.m in Sources */,
				9D0119041E0CB14000BD2B0D /* ZPickerUtility.m in Sources */,
				9DBAE9321DC2EC3B001A966D /* YppAssetCollectionListViewController.m in Sources */,
				9DBAE8F61DC2EC19001A966D /* AppDelegate.m in Sources */,
				9D0119221E0CB27600BD2B0D /* UIImage+CropRotate.m in Sources */,
				9D0119261E0CB27600BD2B0D /* TOCropToolbar.m in Sources */,
				9D01192E1E0CB42800BD2B0D /* UIViewController+CurrentViewController.m in Sources */,
				9D0119241E0CB27600BD2B0D /* TOCropOverlayView.m in Sources */,
				9DBAE9351DC2EC3B001A966D /* YppAssetPreviewViewController.m in Sources */,
				9DBAE9441DC2EC3B001A966D /* YppCustomBottomView.m in Sources */,
				9DBAE9331DC2EC3B001A966D /* YppAssetNavigationController.m in Sources */,
				9DBAE9451DC2EC3B001A966D /* YppCustomTopView.m in Sources */,
				9D0119231E0CB27600BD2B0D /* TOCropViewController.m in Sources */,
				9DBAE8F31DC2EC19001A966D /* main.m in Sources */,
				9D0119251E0CB27600BD2B0D /* TOCropScrollView.m in Sources */,
				9DBAE9461DC2EC3B001A966D /* YppPhotoView.m in Sources */,
				9D0119271E0CB27600BD2B0D /* TOCropView.m in Sources */,
				9DBAE9421DC2EC3B001A966D /* YppAssetCollectionViewCell.m in Sources */,
				9DBAE9411DC2EC3B001A966D /* YppAssetCollectionTableViewCell.m in Sources */,
				9D01191F1E0CB27600BD2B0D /* TOActivityCroppedImageProvider.m in Sources */,
				9DBAE93A1DC2EC3B001A966D /* YppAssetCollectionViewModel.m in Sources */,
				9DBAE9391DC2EC3B001A966D /* YppPreviewAfterCropViewController.m in Sources */,
				9D0119211E0CB27600BD2B0D /* TOCropViewControllerTransitioning.m in Sources */,
				9DBAE9381DC2EC3B001A966D /* YppImageManager.m in Sources */,
				9D0119201E0CB27600BD2B0D /* TOCroppedImageAttributes.m in Sources */,
			);
			runOnlyForDeploymentPostprocessing = 0;
		};
/* End PBXSourcesBuildPhase section */

/* Begin PBXVariantGroup section */
		9D0119061E0CB27600BD2B0D /* TOCropViewControllerLocalizable.strings */ = {
			isa = PBXVariantGroup;
			children = (
				9D0119071E0CB27600BD2B0D /* Base */,
				9D0119081E0CB27600BD2B0D /* en */,
				9D01191D1E0CB27600BD2B0D /* zh-Hans */,
			);
			name = TOCropViewControllerLocalizable.strings;
			sourceTree = "<group>";
		};
		9DBAE8FA1DC2EC19001A966D /* Main.storyboard */ = {
			isa = PBXVariantGroup;
			children = (
				9DBAE8FB1DC2EC19001A966D /* Base */,
			);
			name = Main.storyboard;
			sourceTree = "<group>";
		};
		9DBAE8FF1DC2EC19001A966D /* LaunchScreen.storyboard */ = {
			isa = PBXVariantGroup;
			children = (
				9DBAE9001DC2EC19001A966D /* Base */,
			);
			name = LaunchScreen.storyboard;
			sourceTree = "<group>";
		};
/* End PBXVariantGroup section */

/* Begin XCBuildConfiguration section */
		9DBAE9031DC2EC19001A966D /* Debug */ = {
			isa = XCBuildConfiguration;
			buildSettings = {
				ALWAYS_SEARCH_USER_PATHS = NO;
				CLANG_ANALYZER_NONNULL = YES;
				CLANG_CXX_LANGUAGE_STANDARD = "gnu++0x";
				CLANG_CXX_LIBRARY = "libc++";
				CLANG_ENABLE_MODULES = YES;
				CLANG_ENABLE_OBJC_ARC = YES;
				CLANG_WARN_BOOL_CONVERSION = YES;
				CLANG_WARN_CONSTANT_CONVERSION = YES;
				CLANG_WARN_DIRECT_OBJC_ISA_USAGE = YES_ERROR;
				CLANG_WARN_DOCUMENTATION_COMMENTS = YES;
				CLANG_WARN_EMPTY_BODY = YES;
				CLANG_WARN_ENUM_CONVERSION = YES;
				CLANG_WARN_INFINITE_RECURSION = YES;
				CLANG_WARN_INT_CONVERSION = YES;
				CLANG_WARN_OBJC_ROOT_CLASS = YES_ERROR;
				CLANG_WARN_SUSPICIOUS_MOVES = YES;
				CLANG_WARN_UNREACHABLE_CODE = YES;
				CLANG_WARN__DUPLICATE_METHOD_MATCH = YES;
				"CODE_SIGN_IDENTITY[sdk=iphoneos*]" = "iPhone Developer";
				COPY_PHASE_STRIP = NO;
				DEBUG_INFORMATION_FORMAT = dwarf;
				ENABLE_STRICT_OBJC_MSGSEND = YES;
				ENABLE_TESTABILITY = YES;
				GCC_C_LANGUAGE_STANDARD = gnu99;
				GCC_DYNAMIC_NO_PIC = NO;
				GCC_NO_COMMON_BLOCKS = YES;
				GCC_OPTIMIZATION_LEVEL = 0;
				GCC_PREPROCESSOR_DEFINITIONS = (
					"DEBUG=1",
					"$(inherited)",
				);
				GCC_WARN_64_TO_32_BIT_CONVERSION = YES;
				GCC_WARN_ABOUT_RETURN_TYPE = YES_ERROR;
				GCC_WARN_UNDECLARED_SELECTOR = YES;
				GCC_WARN_UNINITIALIZED_AUTOS = YES_AGGRESSIVE;
				GCC_WARN_UNUSED_FUNCTION = YES;
				GCC_WARN_UNUSED_VARIABLE = YES;
				IPHONEOS_DEPLOYMENT_TARGET = 10.0;
				MTL_ENABLE_DEBUG_INFO = YES;
				ONLY_ACTIVE_ARCH = YES;
				SDKROOT = iphoneos;
				TARGETED_DEVICE_FAMILY = "1,2";
			};
			name = Debug;
		};
		9DBAE9041DC2EC19001A966D /* Release */ = {
			isa = XCBuildConfiguration;
			buildSettings = {
				ALWAYS_SEARCH_USER_PATHS = NO;
				CLANG_ANALYZER_NONNULL = YES;
				CLANG_CXX_LANGUAGE_STANDARD = "gnu++0x";
				CLANG_CXX_LIBRARY = "libc++";
				CLANG_ENABLE_MODULES = YES;
				CLANG_ENABLE_OBJC_ARC = YES;
				CLANG_WARN_BOOL_CONVERSION = YES;
				CLANG_WARN_CONSTANT_CONVERSION = YES;
				CLANG_WARN_DIRECT_OBJC_ISA_USAGE = YES_ERROR;
				CLANG_WARN_DOCUMENTATION_COMMENTS = YES;
				CLANG_WARN_EMPTY_BODY = YES;
				CLANG_WARN_ENUM_CONVERSION = YES;
				CLANG_WARN_INFINITE_RECURSION = YES;
				CLANG_WARN_INT_CONVERSION = YES;
				CLANG_WARN_OBJC_ROOT_CLASS = YES_ERROR;
				CLANG_WARN_SUSPICIOUS_MOVES = YES;
				CLANG_WARN_UNREACHABLE_CODE = YES;
				CLANG_WARN__DUPLICATE_METHOD_MATCH = YES;
				"CODE_SIGN_IDENTITY[sdk=iphoneos*]" = "iPhone Developer";
				COPY_PHASE_STRIP = NO;
				DEBUG_INFORMATION_FORMAT = "dwarf-with-dsym";
				ENABLE_NS_ASSERTIONS = NO;
				ENABLE_STRICT_OBJC_MSGSEND = YES;
				GCC_C_LANGUAGE_STANDARD = gnu99;
				GCC_NO_COMMON_BLOCKS = YES;
				GCC_WARN_64_TO_32_BIT_CONVERSION = YES;
				GCC_WARN_ABOUT_RETURN_TYPE = YES_ERROR;
				GCC_WARN_UNDECLARED_SELECTOR = YES;
				GCC_WARN_UNINITIALIZED_AUTOS = YES_AGGRESSIVE;
				GCC_WARN_UNUSED_FUNCTION = YES;
				GCC_WARN_UNUSED_VARIABLE = YES;
				IPHONEOS_DEPLOYMENT_TARGET = 10.0;
				MTL_ENABLE_DEBUG_INFO = NO;
				SDKROOT = iphoneos;
				TARGETED_DEVICE_FAMILY = "1,2";
				VALIDATE_PRODUCT = YES;
			};
			name = Release;
		};
		9DBAE9061DC2EC19001A966D /* Debug */ = {
			isa = XCBuildConfiguration;
			baseConfigurationReference = 02F7753F39651FC19BEE8796 /* Pods-PickerImages.debug.xcconfig */;
			buildSettings = {
				ASSETCATALOG_COMPILER_APPICON_NAME = AppIcon;
				DEVELOPMENT_TEAM = A3D99DT85D;
				INFOPLIST_FILE = PickerImages/Info.plist;
				LD_RUNPATH_SEARCH_PATHS = "$(inherited) @executable_path/Frameworks";
				PRODUCT_BUNDLE_IDENTIFIER = wywk.PickerImages;
				PRODUCT_NAME = "$(TARGET_NAME)";
			};
			name = Debug;
		};
		9DBAE9071DC2EC19001A966D /* Release */ = {
			isa = XCBuildConfiguration;
			baseConfigurationReference = F8851264305AA856D4D96504 /* Pods-PickerImages.release.xcconfig */;
			buildSettings = {
				ASSETCATALOG_COMPILER_APPICON_NAME = AppIcon;
				DEVELOPMENT_TEAM = A3D99DT85D;
				INFOPLIST_FILE = PickerImages/Info.plist;
				LD_RUNPATH_SEARCH_PATHS = "$(inherited) @executable_path/Frameworks";
				PRODUCT_BUNDLE_IDENTIFIER = wywk.PickerImages;
				PRODUCT_NAME = "$(TARGET_NAME)";
			};
			name = Release;
		};
/* End XCBuildConfiguration section */

/* Begin XCConfigurationList section */
		9DBAE8E91DC2EC19001A966D /* Build configuration list for PBXProject "PickerImages" */ = {
			isa = XCConfigurationList;
			buildConfigurations = (
				9DBAE9031DC2EC19001A966D /* Debug */,
				9DBAE9041DC2EC19001A966D /* Release */,
			);
			defaultConfigurationIsVisible = 0;
			defaultConfigurationName = Release;
		};
		9DBAE9051DC2EC19001A966D /* Build configuration list for PBXNativeTarget "PickerImages" */ = {
			isa = XCConfigurationList;
			buildConfigurations = (
				9DBAE9061DC2EC19001A966D /* Debug */,
				9DBAE9071DC2EC19001A966D /* Release */,
			);
			defaultConfigurationIsVisible = 0;
			defaultConfigurationName = Release;
		};
/* End XCConfigurationList section */
	};
	rootObject = 9DBAE8E61DC2EC19001A966D /* Project object */;
}
